{
  "nodes": {
    "nixpkgs": {
      "locked": {
        "lastModified": 1656928725,
        "narHash": "sha256-hMaD4+vdcMgeNDvJ9c9QiNXuzpSTQ5Vodw9pG+O0l1Y=",
        "ref": "swallsoft",
        "rev": "dc235e84ba0ab9399343505a3b1d060566113fde",
        "revCount": 381393,
        "type": "git",
        "url": "ssh://deploy@repos/srv/repos/nixpkgs.git"
      },
      "original": {
        "ref": "swallsoft",
        "type": "git",
        "url": "ssh://deploy@repos/srv/repos/nixpkgs.git"
      }
    },
    "root": {
      "inputs": {
        "nixpkgs": "nixpkgs"
      }
    }
  },
  "root": "root",
  "version": 7
}
